
Microsoft Visual Studio Solution File, Format Version 12.00
# Visual Studio 15
VisualStudioVersion = 15.0.28010.2003
MinimumVisualStudioVersion = 10.0.40219.1
Project("{FAE04EC0-301F-11D3-BF4B-00C04F79EFBC}") = "CoinlibApi", "CoinlibApi\CoinlibApi.csproj", "{186333FE-96FB-4CB8-8CD4-51DE28AE6AFB}"
EndProject
Global
	GlobalSection(SolutionConfigurationPlatforms) = preSolution
		Debug|Any CPU = Debug|Any CPU
		Release|Any CPU = Release|Any CPU
	EndGlobalSection
	GlobalSection(ProjectConfigurationPlatforms) = postSolution
		{186333FE-96FB-4CB8-8CD4-51DE28AE6AFB}.Debug|Any CPU.ActiveCfg = Debug|Any CPU
		{186333FE-96FB-4CB8-8CD4-51DE28AE6AFB}.Debug|Any CPU.Build.0 = Debug|Any CPU
		{186333FE-96FB-4CB8-8CD4-51DE28AE6AFB}.Release|Any CPU.ActiveCfg = Release|Any CPU
		{186333FE-96FB-4CB8-8CD4-51DE28AE6AFB}.Release|Any CPU.Build.0 = Release|Any CPU
	EndGlobalSection
	GlobalSection(SolutionProperties) = preSolution
		HideSolutionNode = FALSE
	EndGlobalSection
	GlobalSection(ExtensibilityGlobals) = postSolution
		SolutionGuid = {252CCCA5-0340-4558-8C41-304936AA564A}
	EndGlobalSection
EndGlobal
